<?xml version="1.0" encoding="UTF-8"?>
<CodeBlocks_project_file>
	<FileVersion major="1" minor="6"/>
	<Project>
		<Option title="bomberman"/>
		<Option makefile_is_custom="1"/>
		<Option compiler="gcc"/>
		<Option virtualFolders="CMake Files\;CMake Files\cmake\;"/>
		<Build>
			<Target title="all">
				<Option working_dir="/home/arthur/delivery/TEK2/CPP/cpp_indie_studio"/>
				<Option type="4"/>
				<MakeCommands>
					<Build command="/usr/bin/make -j4 -f &quot;/home/arthur/delivery/TEK2/CPP/cpp_indie_studio/Makefile&quot;  VERBOSE=1 all"/>
					<CompileFile command="/usr/bin/make -j4 -f &quot;/home/arthur/delivery/TEK2/CPP/cpp_indie_studio/Makefile&quot;  VERBOSE=1 &quot;$file&quot;"/>
					<Clean command="/usr/bin/make -j4 -f &quot;/home/arthur/delivery/TEK2/CPP/cpp_indie_studio/Makefile&quot;  VERBOSE=1 clean"/>
					<DistClean command="/usr/bin/make -j4 -f &quot;/home/arthur/delivery/TEK2/CPP/cpp_indie_studio/Makefile&quot;  VERBOSE=1 clean"/>
				</MakeCommands>
			</Target>
			<Target title="rebuild_cache">
				<Option working_dir="/home/arthur/delivery/TEK2/CPP/cpp_indie_studio"/>
				<Option type="4"/>
				<MakeCommands>
					<Build command="/usr/bin/make -j4 -f &quot;/home/arthur/delivery/TEK2/CPP/cpp_indie_studio/Makefile&quot;  VERBOSE=1 rebuild_cache"/>
					<CompileFile command="/usr/bin/make -j4 -f &quot;/home/arthur/delivery/TEK2/CPP/cpp_indie_studio/Makefile&quot;  VERBOSE=1 &quot;$file&quot;"/>
					<Clean command="/usr/bin/make -j4 -f &quot;/home/arthur/delivery/TEK2/CPP/cpp_indie_studio/Makefile&quot;  VERBOSE=1 clean"/>
					<DistClean command="/usr/bin/make -j4 -f &quot;/home/arthur/delivery/TEK2/CPP/cpp_indie_studio/Makefile&quot;  VERBOSE=1 clean"/>
				</MakeCommands>
			</Target>
			<Target title="edit_cache">
				<Option working_dir="/home/arthur/delivery/TEK2/CPP/cpp_indie_studio"/>
				<Option type="4"/>
				<MakeCommands>
					<Build command="/usr/bin/make -j4 -f &quot;/home/arthur/delivery/TEK2/CPP/cpp_indie_studio/Makefile&quot;  VERBOSE=1 edit_cache"/>
					<CompileFile command="/usr/bin/make -j4 -f &quot;/home/arthur/delivery/TEK2/CPP/cpp_indie_studio/Makefile&quot;  VERBOSE=1 &quot;$file&quot;"/>
					<Clean command="/usr/bin/make -j4 -f &quot;/home/arthur/delivery/TEK2/CPP/cpp_indie_studio/Makefile&quot;  VERBOSE=1 clean"/>
					<DistClean command="/usr/bin/make -j4 -f &quot;/home/arthur/delivery/TEK2/CPP/cpp_indie_studio/Makefile&quot;  VERBOSE=1 clean"/>
				</MakeCommands>
			</Target>
			<Target title="bomberman">
				<Option output="/home/arthur/delivery/TEK2/CPP/cpp_indie_studio/bin/bomberman" prefix_auto="0" extension_auto="0"/>
				<Option working_dir="/home/arthur/delivery/TEK2/CPP/cpp_indie_studio/bin"/>
				<Option object_output="./"/>
				<Option type="1"/>
				<Option compiler="gcc"/>
				<Compiler>
					<Add directory="/usr/include/irrlicht"/>
					<Add directory="/home/arthur/delivery/TEK2/CPP/cpp_indie_studio/./libs/irrklang/include"/>
					<Add directory="/usr/include/c++/7"/>
					<Add directory="/usr/include/x86_64-linux-gnu/c++/7"/>
					<Add directory="/usr/include/c++/7/backward"/>
					<Add directory="/usr/lib/gcc/x86_64-linux-gnu/7/include"/>
					<Add directory="/usr/local/include"/>
					<Add directory="/usr/lib/gcc/x86_64-linux-gnu/7/include-fixed"/>
					<Add directory="/usr/include/x86_64-linux-gnu"/>
					<Add directory="/usr/include"/>
				</Compiler>
				<MakeCommands>
					<Build command="/usr/bin/make -j4 -f &quot;/home/arthur/delivery/TEK2/CPP/cpp_indie_studio/Makefile&quot;  VERBOSE=1 bomberman"/>
					<CompileFile command="/usr/bin/make -j4 -f &quot;/home/arthur/delivery/TEK2/CPP/cpp_indie_studio/Makefile&quot;  VERBOSE=1 &quot;$file&quot;"/>
					<Clean command="/usr/bin/make -j4 -f &quot;/home/arthur/delivery/TEK2/CPP/cpp_indie_studio/Makefile&quot;  VERBOSE=1 clean"/>
					<DistClean command="/usr/bin/make -j4 -f &quot;/home/arthur/delivery/TEK2/CPP/cpp_indie_studio/Makefile&quot;  VERBOSE=1 clean"/>
				</MakeCommands>
			</Target>
			<Target title="bomberman/fast">
				<Option output="/home/arthur/delivery/TEK2/CPP/cpp_indie_studio/bin/bomberman" prefix_auto="0" extension_auto="0"/>
				<Option working_dir="/home/arthur/delivery/TEK2/CPP/cpp_indie_studio/bin"/>
				<Option object_output="./"/>
				<Option type="1"/>
				<Option compiler="gcc"/>
				<Compiler>
					<Add directory="/usr/include/irrlicht"/>
					<Add directory="/home/arthur/delivery/TEK2/CPP/cpp_indie_studio/./libs/irrklang/include"/>
					<Add directory="/usr/include/c++/7"/>
					<Add directory="/usr/include/x86_64-linux-gnu/c++/7"/>
					<Add directory="/usr/include/c++/7/backward"/>
					<Add directory="/usr/lib/gcc/x86_64-linux-gnu/7/include"/>
					<Add directory="/usr/local/include"/>
					<Add directory="/usr/lib/gcc/x86_64-linux-gnu/7/include-fixed"/>
					<Add directory="/usr/include/x86_64-linux-gnu"/>
					<Add directory="/usr/include"/>
				</Compiler>
				<MakeCommands>
					<Build command="/usr/bin/make -j4 -f &quot;/home/arthur/delivery/TEK2/CPP/cpp_indie_studio/Makefile&quot;  VERBOSE=1 bomberman/fast"/>
					<CompileFile command="/usr/bin/make -j4 -f &quot;/home/arthur/delivery/TEK2/CPP/cpp_indie_studio/Makefile&quot;  VERBOSE=1 &quot;$file&quot;"/>
					<Clean command="/usr/bin/make -j4 -f &quot;/home/arthur/delivery/TEK2/CPP/cpp_indie_studio/Makefile&quot;  VERBOSE=1 clean"/>
					<DistClean command="/usr/bin/make -j4 -f &quot;/home/arthur/delivery/TEK2/CPP/cpp_indie_studio/Makefile&quot;  VERBOSE=1 clean"/>
				</MakeCommands>
			</Target>
		</Build>
		<Unit filename="/home/arthur/delivery/TEK2/CPP/cpp_indie_studio/include/Abstracts/ABombDropper.hpp">
			<Option target="bomberman"/>
		</Unit>
		<Unit filename="/home/arthur/delivery/TEK2/CPP/cpp_indie_studio/include/Abstracts/AMenuSound.hpp">
			<Option target="bomberman"/>
		</Unit>
		<Unit filename="/home/arthur/delivery/TEK2/CPP/cpp_indie_studio/include/Abstracts/AState.hpp">
			<Option target="bomberman"/>
		</Unit>
		<Unit filename="/home/arthur/delivery/TEK2/CPP/cpp_indie_studio/include/Abstracts/AStateShare.hpp">
			<Option target="bomberman"/>
		</Unit>
		<Unit filename="/home/arthur/delivery/TEK2/CPP/cpp_indie_studio/include/Game/AController.hpp">
			<Option target="bomberman"/>
		</Unit>
		<Unit filename="/home/arthur/delivery/TEK2/CPP/cpp_indie_studio/include/Game/AEntity.hpp">
			<Option target="bomberman"/>
		</Unit>
		<Unit filename="/home/arthur/delivery/TEK2/CPP/cpp_indie_studio/include/Game/AMovable.hpp">
			<Option target="bomberman"/>
		</Unit>
		<Unit filename="/home/arthur/delivery/TEK2/CPP/cpp_indie_studio/include/Game/ATrackable.hpp">
			<Option target="bomberman"/>
		</Unit>
		<Unit filename="/home/arthur/delivery/TEK2/CPP/cpp_indie_studio/include/Game/BIAController.hpp">
			<Option target="bomberman"/>
		</Unit>
		<Unit filename="/home/arthur/delivery/TEK2/CPP/cpp_indie_studio/include/Game/BKeyboardController.hpp">
			<Option target="bomberman"/>
		</Unit>
		<Unit filename="/home/arthur/delivery/TEK2/CPP/cpp_indie_studio/include/Game/Controllable.hpp">
			<Option target="bomberman"/>
		</Unit>
		<Unit filename="/home/arthur/delivery/TEK2/CPP/cpp_indie_studio/include/Game/Entities/AAnimatedEntity.hpp">
			<Option target="bomberman"/>
		</Unit>
		<Unit filename="/home/arthur/delivery/TEK2/CPP/cpp_indie_studio/include/Game/Entities/ABonusEntity.hpp">
			<Option target="bomberman"/>
		</Unit>
		<Unit filename="/home/arthur/delivery/TEK2/CPP/cpp_indie_studio/include/Game/Entities/BlockEntity.hpp">
			<Option target="bomberman"/>
		</Unit>
		<Unit filename="/home/arthur/delivery/TEK2/CPP/cpp_indie_studio/include/Game/Entities/BombEntity.hpp">
			<Option target="bomberman"/>
		</Unit>
		<Unit filename="/home/arthur/delivery/TEK2/CPP/cpp_indie_studio/include/Game/Entities/Bonus/SpeedBonus.hpp">
			<Option target="bomberman"/>
		</Unit>
		<Unit filename="/home/arthur/delivery/TEK2/CPP/cpp_indie_studio/include/Game/Entities/Bonus/UpBombBonus.hpp">
			<Option target="bomberman"/>
		</Unit>
		<Unit filename="/home/arthur/delivery/TEK2/CPP/cpp_indie_studio/include/Game/Entities/Bonus/UpFireBonus.hpp">
			<Option target="bomberman"/>
		</Unit>
		<Unit filename="/home/arthur/delivery/TEK2/CPP/cpp_indie_studio/include/Game/Entities/FireEntity.hpp">
			<Option target="bomberman"/>
		</Unit>
		<Unit filename="/home/arthur/delivery/TEK2/CPP/cpp_indie_studio/include/Game/Entities/PlayerEntity.hpp">
			<Option target="bomberman"/>
		</Unit>
		<Unit filename="/home/arthur/delivery/TEK2/CPP/cpp_indie_studio/include/Game/Entities/PotEntity.hpp">
			<Option target="bomberman"/>
		</Unit>
		<Unit filename="/home/arthur/delivery/TEK2/CPP/cpp_indie_studio/include/Game/EntitiesMap.hpp">
			<Option target="bomberman"/>
		</Unit>
		<Unit filename="/home/arthur/delivery/TEK2/CPP/cpp_indie_studio/include/Game/EntityFactory.hpp">
			<Option target="bomberman"/>
		</Unit>
		<Unit filename="/home/arthur/delivery/TEK2/CPP/cpp_indie_studio/include/Game/SaveManager.hpp">
			<Option target="bomberman"/>
		</Unit>
		<Unit filename="/home/arthur/delivery/TEK2/CPP/cpp_indie_studio/include/Game/SphericalCoordinate.hpp">
			<Option target="bomberman"/>
		</Unit>
		<Unit filename="/home/arthur/delivery/TEK2/CPP/cpp_indie_studio/include/Game/Traveling.hpp">
			<Option target="bomberman"/>
		</Unit>
		<Unit filename="/home/arthur/delivery/TEK2/CPP/cpp_indie_studio/include/Singletons/AssetsPool.hpp">
			<Option target="bomberman"/>
		</Unit>
		<Unit filename="/home/arthur/delivery/TEK2/CPP/cpp_indie_studio/include/Singletons/EventReceiver.hpp">
			<Option target="bomberman"/>
		</Unit>
		<Unit filename="/home/arthur/delivery/TEK2/CPP/cpp_indie_studio/include/Singletons/IrrManager.hpp">
			<Option target="bomberman"/>
		</Unit>
		<Unit filename="/home/arthur/delivery/TEK2/CPP/cpp_indie_studio/include/Singletons/StateMachine.hpp">
			<Option target="bomberman"/>
		</Unit>
		<Unit filename="/home/arthur/delivery/TEK2/CPP/cpp_indie_studio/include/States/AIChooseState.hpp">
			<Option target="bomberman"/>
		</Unit>
		<Unit filename="/home/arthur/delivery/TEK2/CPP/cpp_indie_studio/include/States/BackgroundState.hpp">
			<Option target="bomberman"/>
		</Unit>
		<Unit filename="/home/arthur/delivery/TEK2/CPP/cpp_indie_studio/include/States/EndGameState.hpp">
			<Option target="bomberman"/>
		</Unit>
		<Unit filename="/home/arthur/delivery/TEK2/CPP/cpp_indie_studio/include/States/GameState.hpp">
			<Option target="bomberman"/>
		</Unit>
		<Unit filename="/home/arthur/delivery/TEK2/CPP/cpp_indie_studio/include/States/LoadState.hpp">
			<Option target="bomberman"/>
		</Unit>
		<Unit filename="/home/arthur/delivery/TEK2/CPP/cpp_indie_studio/include/States/MenuState.hpp">
			<Option target="bomberman"/>
		</Unit>
		<Unit filename="/home/arthur/delivery/TEK2/CPP/cpp_indie_studio/include/States/PauseState.hpp">
			<Option target="bomberman"/>
		</Unit>
		<Unit filename="/home/arthur/delivery/TEK2/CPP/cpp_indie_studio/include/States/SaveState.hpp">
			<Option target="bomberman"/>
		</Unit>
		<Unit filename="/home/arthur/delivery/TEK2/CPP/cpp_indie_studio/include/States/SettingsState.hpp">
			<Option target="bomberman"/>
		</Unit>
		<Unit filename="/home/arthur/delivery/TEK2/CPP/cpp_indie_studio/include/States/SplashState.hpp">
			<Option target="bomberman"/>
		</Unit>
		<Unit filename="/home/arthur/delivery/TEK2/CPP/cpp_indie_studio/include/States/TransitionEndGameState.hpp">
			<Option target="bomberman"/>
		</Unit>
		<Unit filename="/home/arthur/delivery/TEK2/CPP/cpp_indie_studio/include/States/TransitionToGameState.hpp">
			<Option target="bomberman"/>
		</Unit>
		<Unit filename="/home/arthur/delivery/TEK2/CPP/cpp_indie_studio/include/Time.hpp">
			<Option target="bomberman"/>
		</Unit>
		<Unit filename="/home/arthur/delivery/TEK2/CPP/cpp_indie_studio/src/Abstracts/ABombDropper.cpp">
			<Option target="bomberman"/>
		</Unit>
		<Unit filename="/home/arthur/delivery/TEK2/CPP/cpp_indie_studio/src/Abstracts/AMenuSound.cpp">
			<Option target="bomberman"/>
		</Unit>
		<Unit filename="/home/arthur/delivery/TEK2/CPP/cpp_indie_studio/src/Abstracts/AState.cpp">
			<Option target="bomberman"/>
		</Unit>
		<Unit filename="/home/arthur/delivery/TEK2/CPP/cpp_indie_studio/src/Abstracts/AStateShare.cpp">
			<Option target="bomberman"/>
		</Unit>
		<Unit filename="/home/arthur/delivery/TEK2/CPP/cpp_indie_studio/src/Game/AController.cpp">
			<Option target="bomberman"/>
		</Unit>
		<Unit filename="/home/arthur/delivery/TEK2/CPP/cpp_indie_studio/src/Game/AEntity.cpp">
			<Option target="bomberman"/>
		</Unit>
		<Unit filename="/home/arthur/delivery/TEK2/CPP/cpp_indie_studio/src/Game/BIAController.cpp">
			<Option target="bomberman"/>
		</Unit>
		<Unit filename="/home/arthur/delivery/TEK2/CPP/cpp_indie_studio/src/Game/BKeyboardController.cpp">
			<Option target="bomberman"/>
		</Unit>
		<Unit filename="/home/arthur/delivery/TEK2/CPP/cpp_indie_studio/src/Game/Controllable.cpp">
			<Option target="bomberman"/>
		</Unit>
		<Unit filename="/home/arthur/delivery/TEK2/CPP/cpp_indie_studio/src/Game/Entities/AAnimatedEntity.cpp">
			<Option target="bomberman"/>
		</Unit>
		<Unit filename="/home/arthur/delivery/TEK2/CPP/cpp_indie_studio/src/Game/Entities/ABonusEntity.cpp">
			<Option target="bomberman"/>
		</Unit>
		<Unit filename="/home/arthur/delivery/TEK2/CPP/cpp_indie_studio/src/Game/Entities/BlockEntity.cpp">
			<Option target="bomberman"/>
		</Unit>
		<Unit filename="/home/arthur/delivery/TEK2/CPP/cpp_indie_studio/src/Game/Entities/BombEntity.cpp">
			<Option target="bomberman"/>
		</Unit>
		<Unit filename="/home/arthur/delivery/TEK2/CPP/cpp_indie_studio/src/Game/Entities/Bonus/InvertBonus.cpp">
			<Option target="bomberman"/>
		</Unit>
		<Unit filename="/home/arthur/delivery/TEK2/CPP/cpp_indie_studio/src/Game/Entities/Bonus/InvertBonus.hpp">
			<Option target="bomberman"/>
		</Unit>
		<Unit filename="/home/arthur/delivery/TEK2/CPP/cpp_indie_studio/src/Game/Entities/Bonus/SpeedBonus.cpp">
			<Option target="bomberman"/>
		</Unit>
		<Unit filename="/home/arthur/delivery/TEK2/CPP/cpp_indie_studio/src/Game/Entities/Bonus/UpBombBonus.cpp">
			<Option target="bomberman"/>
		</Unit>
		<Unit filename="/home/arthur/delivery/TEK2/CPP/cpp_indie_studio/src/Game/Entities/Bonus/UpFireBonus.cpp">
			<Option target="bomberman"/>
		</Unit>
		<Unit filename="/home/arthur/delivery/TEK2/CPP/cpp_indie_studio/src/Game/Entities/FireEntity.cpp">
			<Option target="bomberman"/>
		</Unit>
		<Unit filename="/home/arthur/delivery/TEK2/CPP/cpp_indie_studio/src/Game/Entities/PlayerEntity.cpp">
			<Option target="bomberman"/>
		</Unit>
		<Unit filename="/home/arthur/delivery/TEK2/CPP/cpp_indie_studio/src/Game/Entities/PotEntity.cpp">
			<Option target="bomberman"/>
		</Unit>
		<Unit filename="/home/arthur/delivery/TEK2/CPP/cpp_indie_studio/src/Game/EntitiesMap.cpp">
			<Option target="bomberman"/>
		</Unit>
		<Unit filename="/home/arthur/delivery/TEK2/CPP/cpp_indie_studio/src/Game/EntityFactory.cpp">
			<Option target="bomberman"/>
		</Unit>
		<Unit filename="/home/arthur/delivery/TEK2/CPP/cpp_indie_studio/src/Game/SaveManager.cpp">
			<Option target="bomberman"/>
		</Unit>
		<Unit filename="/home/arthur/delivery/TEK2/CPP/cpp_indie_studio/src/Game/SphericalCoordinate.cpp">
			<Option target="bomberman"/>
		</Unit>
		<Unit filename="/home/arthur/delivery/TEK2/CPP/cpp_indie_studio/src/Game/Traveling.cpp">
			<Option target="bomberman"/>
		</Unit>
		<Unit filename="/home/arthur/delivery/TEK2/CPP/cpp_indie_studio/src/Singletons/AssetsPool.cpp">
			<Option target="bomberman"/>
		</Unit>
		<Unit filename="/home/arthur/delivery/TEK2/CPP/cpp_indie_studio/src/Singletons/EventReceiver.cpp">
			<Option target="bomberman"/>
		</Unit>
		<Unit filename="/home/arthur/delivery/TEK2/CPP/cpp_indie_studio/src/Singletons/IrrManager.cpp">
			<Option target="bomberman"/>
		</Unit>
		<Unit filename="/home/arthur/delivery/TEK2/CPP/cpp_indie_studio/src/Singletons/StateMachine.cpp">
			<Option target="bomberman"/>
		</Unit>
		<Unit filename="/home/arthur/delivery/TEK2/CPP/cpp_indie_studio/src/States/AIChooseState.cpp">
			<Option target="bomberman"/>
		</Unit>
		<Unit filename="/home/arthur/delivery/TEK2/CPP/cpp_indie_studio/src/States/BackgroundState.cpp">
			<Option target="bomberman"/>
		</Unit>
		<Unit filename="/home/arthur/delivery/TEK2/CPP/cpp_indie_studio/src/States/EndGameState.cpp">
			<Option target="bomberman"/>
		</Unit>
		<Unit filename="/home/arthur/delivery/TEK2/CPP/cpp_indie_studio/src/States/GameState.cpp">
			<Option target="bomberman"/>
		</Unit>
		<Unit filename="/home/arthur/delivery/TEK2/CPP/cpp_indie_studio/src/States/LoadState.cpp">
			<Option target="bomberman"/>
		</Unit>
		<Unit filename="/home/arthur/delivery/TEK2/CPP/cpp_indie_studio/src/States/MenuState.cpp">
			<Option target="bomberman"/>
		</Unit>
		<Unit filename="/home/arthur/delivery/TEK2/CPP/cpp_indie_studio/src/States/PauseState.cpp">
			<Option target="bomberman"/>
		</Unit>
		<Unit filename="/home/arthur/delivery/TEK2/CPP/cpp_indie_studio/src/States/SaveState.cpp">
			<Option target="bomberman"/>
		</Unit>
		<Unit filename="/home/arthur/delivery/TEK2/CPP/cpp_indie_studio/src/States/SettingsState.cpp">
			<Option target="bomberman"/>
		</Unit>
		<Unit filename="/home/arthur/delivery/TEK2/CPP/cpp_indie_studio/src/States/SplashState.cpp">
			<Option target="bomberman"/>
		</Unit>
		<Unit filename="/home/arthur/delivery/TEK2/CPP/cpp_indie_studio/src/States/TransitionEndGameState.cpp">
			<Option target="bomberman"/>
		</Unit>
		<Unit filename="/home/arthur/delivery/TEK2/CPP/cpp_indie_studio/src/States/TransitionToGameState.cpp">
			<Option target="bomberman"/>
		</Unit>
		<Unit filename="/home/arthur/delivery/TEK2/CPP/cpp_indie_studio/src/Time.cpp">
			<Option target="bomberman"/>
		</Unit>
		<Unit filename="/home/arthur/delivery/TEK2/CPP/cpp_indie_studio/src/main.cpp">
			<Option target="bomberman"/>
		</Unit>
		<Unit filename="/home/arthur/delivery/TEK2/CPP/cpp_indie_studio/CMakeLists.txt">
			<Option virtualFolder="CMake Files\"/>
		</Unit>
		<Unit filename="/home/arthur/delivery/TEK2/CPP/cpp_indie_studio/cmake/FindIrrlicht.cmake">
			<Option virtualFolder="CMake Files\cmake\"/>
		</Unit>
	</Project>
</CodeBlocks_project_file>
